
Microsoft Visual Studio Solution File, Format Version 12.00
# Visual Studio Version 17
VisualStudioVersion = 17.13.35818.85
MinimumVisualStudioVersion = 10.0.40219.1
Project("{FAE04EC0-301F-11D3-BF4B-00C04F79EFBC}") = "Core", "Core\Core.csproj", "{7C3AACFC-1ADA-4339-9DA2-8DEAE6CF69EC}"
EndProject
Project("{FAE04EC0-301F-11D3-BF4B-00C04F79EFBC}") = "Application", "Application\Application.csproj", "{7B09A06F-D592-4E20-85B1-0FC1345256B6}"
EndProject
Project("{FAE04EC0-301F-11D3-BF4B-00C04F79EFBC}") = "Infrastructure", "Infrastructure\Infrastructure.csproj", "{B709BB75-7FAA-4B7F-8AEA-C9CA38194F62}"
EndProject
Project("{2150E333-8FDC-42A3-9474-1A3956D46DE8}") = "Tests", "Tests", "{02EA681E-C7D8-13C7-8484-4AC65E1B71E8}"
EndProject
Project("{FAE04EC0-301F-11D3-BF4B-00C04F79EFBC}") = "Core.UnitTests", "Tests\Core.Tests\Core.UnitTests.csproj", "{06BA6FBB-30DB-4E57-9AE4-B340A38350D8}"
EndProject
Project("{FAE04EC0-301F-11D3-BF4B-00C04F79EFBC}") = "Application.UnitTests", "Tests\Application.Tests\Application.UnitTests.csproj", "{A17D55C6-AAC3-4400-96A8-315D6E999F56}"
EndProject
Project("{FAE04EC0-301F-11D3-BF4B-00C04F79EFBC}") = "Infrastructure.IntegrationTests", "Tests\Infrastructure.Tests\Infrastructure.IntegrationTests.csproj", "{FC411A5F-038D-4D09-9E3B-A87B1B239578}"
EndProject
Project("{FAE04EC0-301F-11D3-BF4B-00C04F79EFBC}") = "MVC.IntegrationTests", "Tests\WebUI.IntegrationTests\MVC.IntegrationTests.csproj", "{F052A876-DBC6-4AF6-A4A8-100911D2863F}"
EndProject
Project("{2150E333-8FDC-42A3-9474-1A3956D46DE8}") = "Presentation", "Presentation", "{14A71E2C-9D38-4EC4-B739-1DA4BE8D7817}"
EndProject
Project("{FAE04EC0-301F-11D3-BF4B-00C04F79EFBC}") = "MVC", "Presentation\MVC\MVC.csproj", "{9F4E2CFD-BCE7-4D17-8833-BD91EE06FD76}"
EndProject
Global
	GlobalSection(SolutionConfigurationPlatforms) = preSolution
		Debug|Any CPU = Debug|Any CPU
		Release|Any CPU = Release|Any CPU
	EndGlobalSection
	GlobalSection(ProjectConfigurationPlatforms) = postSolution
		{7C3AACFC-1ADA-4339-9DA2-8DEAE6CF69EC}.Debug|Any CPU.ActiveCfg = Debug|Any CPU
		{7C3AACFC-1ADA-4339-9DA2-8DEAE6CF69EC}.Debug|Any CPU.Build.0 = Debug|Any CPU
		{7C3AACFC-1ADA-4339-9DA2-8DEAE6CF69EC}.Release|Any CPU.ActiveCfg = Release|Any CPU
		{7C3AACFC-1ADA-4339-9DA2-8DEAE6CF69EC}.Release|Any CPU.Build.0 = Release|Any CPU
		{7B09A06F-D592-4E20-85B1-0FC1345256B6}.Debug|Any CPU.ActiveCfg = Debug|Any CPU
		{7B09A06F-D592-4E20-85B1-0FC1345256B6}.Debug|Any CPU.Build.0 = Debug|Any CPU
		{7B09A06F-D592-4E20-85B1-0FC1345256B6}.Release|Any CPU.ActiveCfg = Release|Any CPU
		{7B09A06F-D592-4E20-85B1-0FC1345256B6}.Release|Any CPU.Build.0 = Release|Any CPU
		{B709BB75-7FAA-4B7F-8AEA-C9CA38194F62}.Debug|Any CPU.ActiveCfg = Debug|Any CPU
		{B709BB75-7FAA-4B7F-8AEA-C9CA38194F62}.Debug|Any CPU.Build.0 = Debug|Any CPU
		{B709BB75-7FAA-4B7F-8AEA-C9CA38194F62}.Release|Any CPU.ActiveCfg = Release|Any CPU
		{B709BB75-7FAA-4B7F-8AEA-C9CA38194F62}.Release|Any CPU.Build.0 = Release|Any CPU
		{06BA6FBB-30DB-4E57-9AE4-B340A38350D8}.Debug|Any CPU.ActiveCfg = Debug|Any CPU
		{06BA6FBB-30DB-4E57-9AE4-B340A38350D8}.Debug|Any CPU.Build.0 = Debug|Any CPU
		{06BA6FBB-30DB-4E57-9AE4-B340A38350D8}.Release|Any CPU.ActiveCfg = Release|Any CPU
		{06BA6FBB-30DB-4E57-9AE4-B340A38350D8}.Release|Any CPU.Build.0 = Release|Any CPU
		{A17D55C6-AAC3-4400-96A8-315D6E999F56}.Debug|Any CPU.ActiveCfg = Debug|Any CPU
		{A17D55C6-AAC3-4400-96A8-315D6E999F56}.Debug|Any CPU.Build.0 = Debug|Any CPU
		{A17D55C6-AAC3-4400-96A8-315D6E999F56}.Release|Any CPU.ActiveCfg = Release|Any CPU
		{A17D55C6-AAC3-4400-96A8-315D6E999F56}.Release|Any CPU.Build.0 = Release|Any CPU
		{FC411A5F-038D-4D09-9E3B-A87B1B239578}.Debug|Any CPU.ActiveCfg = Debug|Any CPU
		{FC411A5F-038D-4D09-9E3B-A87B1B239578}.Debug|Any CPU.Build.0 = Debug|Any CPU
		{FC411A5F-038D-4D09-9E3B-A87B1B239578}.Release|Any CPU.ActiveCfg = Release|Any CPU
		{FC411A5F-038D-4D09-9E3B-A87B1B239578}.Release|Any CPU.Build.0 = Release|Any CPU
		{F052A876-DBC6-4AF6-A4A8-100911D2863F}.Debug|Any CPU.ActiveCfg = Debug|Any CPU
		{F052A876-DBC6-4AF6-A4A8-100911D2863F}.Debug|Any CPU.Build.0 = Debug|Any CPU
		{F052A876-DBC6-4AF6-A4A8-100911D2863F}.Release|Any CPU.ActiveCfg = Release|Any CPU
		{F052A876-DBC6-4AF6-A4A8-100911D2863F}.Release|Any CPU.Build.0 = Release|Any CPU
		{9F4E2CFD-BCE7-4D17-8833-BD91EE06FD76}.Debug|Any CPU.ActiveCfg = Debug|Any CPU
		{9F4E2CFD-BCE7-4D17-8833-BD91EE06FD76}.Debug|Any CPU.Build.0 = Debug|Any CPU
		{9F4E2CFD-BCE7-4D17-8833-BD91EE06FD76}.Release|Any CPU.ActiveCfg = Release|Any CPU
		{9F4E2CFD-BCE7-4D17-8833-BD91EE06FD76}.Release|Any CPU.Build.0 = Release|Any CPU
	EndGlobalSection
	GlobalSection(SolutionProperties) = preSolution
		HideSolutionNode = FALSE
	EndGlobalSection
	GlobalSection(NestedProjects) = preSolution
		{06BA6FBB-30DB-4E57-9AE4-B340A38350D8} = {02EA681E-C7D8-13C7-8484-4AC65E1B71E8}
		{A17D55C6-AAC3-4400-96A8-315D6E999F56} = {02EA681E-C7D8-13C7-8484-4AC65E1B71E8}
		{FC411A5F-038D-4D09-9E3B-A87B1B239578} = {02EA681E-C7D8-13C7-8484-4AC65E1B71E8}
		{F052A876-DBC6-4AF6-A4A8-100911D2863F} = {02EA681E-C7D8-13C7-8484-4AC65E1B71E8}
		{9F4E2CFD-BCE7-4D17-8833-BD91EE06FD76} = {14A71E2C-9D38-4EC4-B739-1DA4BE8D7817}
	EndGlobalSection
	GlobalSection(ExtensibilityGlobals) = postSolution
		SolutionGuid = {218E59F6-4FFC-4325-883F-C77B3F429CCE}
	EndGlobalSection
EndGlobal
